{
  "version": 4,
  "terraform_version": "1.12.2",
  "serial": 51,
  "lineage": "f07f85fd-25c6-7d32-a958-49aee8750ac6",
  "outputs": {
    "vm_public_ip": {
      "value": "172.184.156.237",
      "type": "string"
    }
  },
  "resources": [
    {
      "mode": "managed",
      "type": "azurerm_virtual_network",
      "name": "vnet",
      "provider": "provider[\"registry.terraform.io/hashicorp/azurerm\"]",
      "instances": [
        {
          "schema_version": 0,
          "attributes": {
            "address_space": [
              "10.0.0.0/16"
            ],
            "bgp_community": "",
            "ddos_protection_plan": [],
            "dns_servers": [],
            "edge_zone": "",
            "encryption": [],
            "flow_timeout_in_minutes": 0,
            "guid": "240e5978-a0f7-435c-9451-34cc992f88a3",
            "id": "/subscriptions/538c4403-2c60-45db-bf2d-6187b49c8dd3/resourceGroups/rg-caso-practico2/providers/Microsoft.Network/virtualNetworks/vnet-practico2",
            "location": "westus",
            "name": "vnet-practico2",
            "resource_group_name": "rg-caso-practico2",
            "subnet": [],
            "tags": null,
            "timeouts": null
          },
          "sensitive_attributes": [],
          "identity_schema_version": 0,
          "private": "eyJlMmJmYjczMC1lY2FhLTExZTYtOGY4OC0zNDM2M2JjN2M0YzAiOnsiY3JlYXRlIjoxODAwMDAwMDAwMDAwLCJkZWxldGUiOjE4MDAwMDAwMDAwMDAsInJlYWQiOjMwMDAwMDAwMDAwMCwidXBkYXRlIjoxODAwMDAwMDAwMDAwfX0=",
          "dependencies": [
            "azurerm_resource_group.main"
          ]
        }
      ]
    }
  ],
  "check_results": null
}
